
Microsoft Visual Studio Solution File, Format Version 12.00
# Visual Studio Version 17
VisualStudioVersion = 17.2.32505.173
MinimumVisualStudioVersion = 10.0.40219.1
Project("{FAE04EC0-301F-11D3-BF4B-00C04F79EFBC}") = "QuickSpeculatorEA", "QuickSpeculator\QuickSpeculatorEA.csproj", "{F904F258-C40D-4AEA-A771-6DAAF2AEF35F}"
EndProject
Project("{FAE04EC0-301F-11D3-BF4B-00C04F79EFBC}") = "QuickSpeculatorTest", "QuickSpeculatorTest\QuickSpeculatorTest.csproj", "{EE867C56-ECBD-4100-8DD1-68F37980516E}"
EndProject
Global
	GlobalSection(SolutionConfigurationPlatforms) = preSolution
		Debug|Any CPU = Debug|Any CPU
		Release|Any CPU = Release|Any CPU
	EndGlobalSection
	GlobalSection(ProjectConfigurationPlatforms) = postSolution
		{F904F258-C40D-4AEA-A771-6DAAF2AEF35F}.Debug|Any CPU.ActiveCfg = Debug|Any CPU
		{F904F258-C40D-4AEA-A771-6DAAF2AEF35F}.Debug|Any CPU.Build.0 = Debug|Any CPU
		{F904F258-C40D-4AEA-A771-6DAAF2AEF35F}.Release|Any CPU.ActiveCfg = Release|Any CPU
		{F904F258-C40D-4AEA-A771-6DAAF2AEF35F}.Release|Any CPU.Build.0 = Release|Any CPU
		{EE867C56-ECBD-4100-8DD1-68F37980516E}.Debug|Any CPU.ActiveCfg = Debug|Any CPU
		{EE867C56-ECBD-4100-8DD1-68F37980516E}.Debug|Any CPU.Build.0 = Debug|Any CPU
		{EE867C56-ECBD-4100-8DD1-68F37980516E}.Release|Any CPU.ActiveCfg = Release|Any CPU
		{EE867C56-ECBD-4100-8DD1-68F37980516E}.Release|Any CPU.Build.0 = Release|Any CPU
	EndGlobalSection
	GlobalSection(SolutionProperties) = preSolution
		HideSolutionNode = FALSE
	EndGlobalSection
	GlobalSection(ExtensibilityGlobals) = postSolution
		SolutionGuid = {68898D63-C044-423F-BC4E-CDA71BFBF42B}
	EndGlobalSection
EndGlobal
